# This file is autogenerated, do not edit; changes may be undone by the next 'dep ensure'.


[[projects]]
  name = "github.com/go-redis/redis"
  packages = [".","internal","internal/consistenthash","internal/hashtag","internal/pool","internal/proto"]
  revision = "35248155a505a84811be81a2aab1c423317447be"
  version = "v6.7.2"

[[projects]]
  name = "github.com/gorilla/context"
  packages = ["."]
  revision = "1ea25387ff6f684839d82767c1733ff4d4d15d0a"
  version = "v1.1"

[[projects]]
  name = "github.com/gorilla/handlers"
  packages = ["."]
  revision = "a4043c62cc2329bacda331d33fc908ab11ef0ec3"
  version = "v1.2.1"

[[projects]]
  name = "github.com/gorilla/mux"
  packages = ["."]
  revision = "24fca303ac6da784b9e8269f724ddeb0b2eea5e7"
  version = "v1.5.0"

[solve-meta]
  analyzer-name = "dep"
  analyzer-version = 1
  inputs-digest = "56d6318e2688b5579b1f2ac43805177e67aec1247c9c450cc9ceef91130acff3"
  solver-name = "gps-cdcl"
  solver-version = 1
